# @generated - this file is auto-generated by `mise lock` https://mise.en.dev/dev-tools/mise-lock.html

[[tools.blender]]
version = "5.1.2"
backend = "aqua:blender/blender"

[tools.blender."platforms.linux-x64"]
url = "https://download.blender.org/release/Blender5.1/blender-5.1.2-linux-x64.tar.xz"

[tools.blender."platforms.linux-x64-musl"]
url = "https://download.blender.org/release/Blender5.1/blender-5.1.2-linux-x64.tar.xz"

[tools.blender."platforms.macos-arm64"]
url = "https://download.blender.org/release/Blender5.1/blender-5.1.2-macos-arm64.dmg"

[tools.blender."platforms.windows-x64"]
checksum = "blake3:6f7aa5af2c6e9dd6bea932677ccaeab6205336f583efa8dcd88000200adab8d1"
url = "https://download.blender.org/release/Blender5.1/blender-5.1.2-windows-x64.zip"

[[tools.cmake]]
version = "4.3.3"
backend = "aqua:Kitware/CMake"

[tools.cmake."platforms.linux-arm64"]
checksum = "sha256:9ea38356dbd3e32e51029a3e09a0f2f8e117ef4fbcaad7a21ffb36409bbd5cb4"
url = "https://github.com/Kitware/CMake/releases/download/v4.3.3/cmake-4.3.3-linux-aarch64.tar.gz"

[tools.cmake."platforms.linux-arm64-musl"]
checksum = "sha256:9ea38356dbd3e32e51029a3e09a0f2f8e117ef4fbcaad7a21ffb36409bbd5cb4"
url = "https://github.com/Kitware/CMake/releases/download/v4.3.3/cmake-4.3.3-linux-aarch64.tar.gz"

[tools.cmake."platforms.linux-x64"]
checksum = "sha256:927b2368a946c37269c3a66225ab00544e756459cdd0b5d0da438694fb9ff802"
url = "https://github.com/Kitware/CMake/releases/download/v4.3.3/cmake-4.3.3-linux-x86_64.tar.gz"

[tools.cmake."platforms.linux-x64-musl"]
checksum = "sha256:927b2368a946c37269c3a66225ab00544e756459cdd0b5d0da438694fb9ff802"
url = "https://github.com/Kitware/CMake/releases/download/v4.3.3/cmake-4.3.3-linux-x86_64.tar.gz"

[tools.cmake."platforms.macos-arm64"]
checksum = "sha256:5221a13450c7a0219a2a0d1b6c9085eb06489721fafd8488ccebc1584175d2fb"
url = "https://github.com/Kitware/CMake/releases/download/v4.3.3/cmake-4.3.3-macos-universal.tar.gz"

[tools.cmake."platforms.macos-x64"]
checksum = "sha256:5221a13450c7a0219a2a0d1b6c9085eb06489721fafd8488ccebc1584175d2fb"
url = "https://github.com/Kitware/CMake/releases/download/v4.3.3/cmake-4.3.3-macos-universal.tar.gz"

[tools.cmake."platforms.windows-x64"]
checksum = "sha256:935ade9e5e8723583c07f44c5592cea2a1c8f65c56ca7e07b34c025c880e0bd6"
url = "https://github.com/Kitware/CMake/releases/download/v4.3.3/cmake-4.3.3-windows-x86_64.zip"

[[tools.dotnet]]
version = "10.0.301"
backend = "core:dotnet"

[[tools.fd]]
version = "10.4.2"
backend = "aqua:sharkdp/fd"

[tools.fd."platforms.linux-arm64"]
checksum = "sha256:f32d3657473fba74e2600babc8db0b93420d51169223b7e8143b2ed55d8fd9e8"
url = "https://github.com/sharkdp/fd/releases/download/v10.4.2/fd-v10.4.2-aarch64-unknown-linux-musl.tar.gz"

[tools.fd."platforms.linux-arm64-musl"]
checksum = "sha256:f32d3657473fba74e2600babc8db0b93420d51169223b7e8143b2ed55d8fd9e8"
url = "https://github.com/sharkdp/fd/releases/download/v10.4.2/fd-v10.4.2-aarch64-unknown-linux-musl.tar.gz"

[tools.fd."platforms.linux-x64"]
checksum = "sha256:e3257d48e29a6be965187dbd24ce9af564e0fe67b3e73c9bdcd180f4ec11bdde"
url = "https://github.com/sharkdp/fd/releases/download/v10.4.2/fd-v10.4.2-x86_64-unknown-linux-musl.tar.gz"

[tools.fd."platforms.linux-x64-musl"]
checksum = "sha256:e3257d48e29a6be965187dbd24ce9af564e0fe67b3e73c9bdcd180f4ec11bdde"
url = "https://github.com/sharkdp/fd/releases/download/v10.4.2/fd-v10.4.2-x86_64-unknown-linux-musl.tar.gz"

[tools.fd."platforms.macos-arm64"]
checksum = "sha256:623dc0afc81b92e4d4606b380d7bc91916ba7b97814263e554d50923a39e480a"
url = "https://github.com/sharkdp/fd/releases/download/v10.4.2/fd-v10.4.2-aarch64-apple-darwin.tar.gz"

[tools.fd."platforms.windows-x64"]
checksum = "sha256:b2816e506390a89941c63c9187d58a3cc10e9a55f2ef0685f9ea0eccaf7c98c8"
url = "https://github.com/sharkdp/fd/releases/download/v10.4.2/fd-v10.4.2-x86_64-pc-windows-msvc.zip"

[[tools.fzf]]
version = "0.73.1"
backend = "aqua:junegunn/fzf"

[tools.fzf."platforms.linux-arm64"]
checksum = "sha256:a408b0b6c08d486307b8f1554f967b8b50ee1b3ea8b4035e3161bab31fdfc28d"
url = "https://github.com/junegunn/fzf/releases/download/v0.73.1/fzf-0.73.1-linux_arm64.tar.gz"

[tools.fzf."platforms.linux-arm64-musl"]
checksum = "sha256:a408b0b6c08d486307b8f1554f967b8b50ee1b3ea8b4035e3161bab31fdfc28d"
url = "https://github.com/junegunn/fzf/releases/download/v0.73.1/fzf-0.73.1-linux_arm64.tar.gz"

[tools.fzf."platforms.linux-x64"]
checksum = "sha256:f3252c2c366bc1700d3c85781ec8c9695998927ac127870eb049ceea2d540f8a"
url = "https://github.com/junegunn/fzf/releases/download/v0.73.1/fzf-0.73.1-linux_amd64.tar.gz"

[tools.fzf."platforms.linux-x64-musl"]
checksum = "sha256:f3252c2c366bc1700d3c85781ec8c9695998927ac127870eb049ceea2d540f8a"
url = "https://github.com/junegunn/fzf/releases/download/v0.73.1/fzf-0.73.1-linux_amd64.tar.gz"

[tools.fzf."platforms.macos-arm64"]
checksum = "sha256:d27fd68c04fb9b42f7c73a3f7d38069a74d308e40174f64a072c747213e97286"
url = "https://github.com/junegunn/fzf/releases/download/v0.73.1/fzf-0.73.1-darwin_arm64.tar.gz"

[tools.fzf."platforms.macos-x64"]
checksum = "sha256:75bbf15248d1cf0a13eafc75b8a55f5075c437e2ba6d76899afc53f4f3e1b38c"
url = "https://github.com/junegunn/fzf/releases/download/v0.73.1/fzf-0.73.1-darwin_amd64.tar.gz"

[tools.fzf."platforms.windows-x64"]
checksum = "sha256:521a974dc32e93404265e55bffaf71a59e05e80abdf8ca4afb21a6030dc76f5f"
url = "https://github.com/junegunn/fzf/releases/download/v0.73.1/fzf-0.73.1-windows_amd64.zip"

[[tools.github-cli]]
version = "2.94.0"
backend = "aqua:cli/cli"

[tools.github-cli."platforms.linux-arm64"]
checksum = "sha256:705a23b70b0f1b7ba4c302fdcef392ce3edaacfa7ce8e85e4d93d72ea800a538"
url = "https://github.com/cli/cli/releases/download/v2.94.0/gh_2.94.0_linux_arm64.tar.gz"
provenance = "github-attestations"

[tools.github-cli."platforms.linux-arm64-musl"]
checksum = "sha256:705a23b70b0f1b7ba4c302fdcef392ce3edaacfa7ce8e85e4d93d72ea800a538"
url = "https://github.com/cli/cli/releases/download/v2.94.0/gh_2.94.0_linux_arm64.tar.gz"
provenance = "github-attestations"

[tools.github-cli."platforms.linux-x64"]
checksum = "sha256:a757f1ba6db18f4de8cbadb244843a5f89bc75b5e7c6fc127d2bd77fbd12ed62"
url = "https://github.com/cli/cli/releases/download/v2.94.0/gh_2.94.0_linux_amd64.tar.gz"
provenance = "github-attestations"

[tools.github-cli."platforms.linux-x64-musl"]
checksum = "sha256:a757f1ba6db18f4de8cbadb244843a5f89bc75b5e7c6fc127d2bd77fbd12ed62"
url = "https://github.com/cli/cli/releases/download/v2.94.0/gh_2.94.0_linux_amd64.tar.gz"
provenance = "github-attestations"

[tools.github-cli."platforms.macos-arm64"]
checksum = "sha256:4f9bc1a5e77500737290a307b40b4c396a4d23729f55340f2a83f414410165a1"
url = "https://github.com/cli/cli/releases/download/v2.94.0/gh_2.94.0_macOS_arm64.zip"
provenance = "github-attestations"

[tools.github-cli."platforms.macos-x64"]
checksum = "sha256:733ee8fa49247d27cd94a6c7384455bdecaa82172a3bcfad63ac1ecc2867251d"
url = "https://github.com/cli/cli/releases/download/v2.94.0/gh_2.94.0_macOS_amd64.zip"
provenance = "github-attestations"

[tools.github-cli."platforms.windows-x64"]
checksum = "sha256:c0766af54195dfa0bcd9a0cb63a45c313fbaffdebb9f736f666e9ba4be8c91e8"
url = "https://github.com/cli/cli/releases/download/v2.94.0/gh_2.94.0_windows_amd64.zip"
provenance = "github-attestations"

[[tools.godot]]
version = "4.6.3-stable"
backend = "aqua:godotengine/godot"

[tools.godot."platforms.linux-arm64"]
checksum = "sha256:90c70382eee1542904bf507b9bdc6e62a230ac73fd214bf3887a9e0a4d85aeed"
url = "https://github.com/godotengine/godot/releases/download/4.6.3-stable/Godot_v4.6.3-stable_linux.arm64.zip"

[tools.godot."platforms.linux-arm64-musl"]
checksum = "sha256:90c70382eee1542904bf507b9bdc6e62a230ac73fd214bf3887a9e0a4d85aeed"
url = "https://github.com/godotengine/godot/releases/download/4.6.3-stable/Godot_v4.6.3-stable_linux.arm64.zip"

[tools.godot."platforms.linux-x64"]
checksum = "sha256:d0bc2113065e481c9c2c2b2c37daa4e8be3fe9e27f0ab9ab0b6096e9a37907f3"
url = "https://github.com/godotengine/godot/releases/download/4.6.3-stable/Godot_v4.6.3-stable_linux.x86_64.zip"

[tools.godot."platforms.linux-x64-musl"]
checksum = "sha256:d0bc2113065e481c9c2c2b2c37daa4e8be3fe9e27f0ab9ab0b6096e9a37907f3"
url = "https://github.com/godotengine/godot/releases/download/4.6.3-stable/Godot_v4.6.3-stable_linux.x86_64.zip"

[tools.godot."platforms.macos-arm64"]
checksum = "sha256:30630f3e9b11e10b35c1f90ba8814185dcec43fae1a48345159be7552c64bfe8"
url = "https://github.com/godotengine/godot/releases/download/4.6.3-stable/Godot_v4.6.3-stable_macos.universal.zip"

[tools.godot."platforms.macos-x64"]
checksum = "sha256:30630f3e9b11e10b35c1f90ba8814185dcec43fae1a48345159be7552c64bfe8"
url = "https://github.com/godotengine/godot/releases/download/4.6.3-stable/Godot_v4.6.3-stable_macos.universal.zip"

[tools.godot."platforms.windows-x64"]
checksum = "sha256:e39986a178d585ce7ac198fb8de6ea436366dc0cc00e594810c2e3e104c04b90"
url = "https://github.com/godotengine/godot/releases/download/4.6.3-stable/Godot_v4.6.3-stable_win64.exe.zip"

[[tools.java]]
version = "temurin-26.0.1+8"
backend = "core:java"

[tools.java.options]
shorthand_vendor = "openjdk"

[tools.java."platforms.linux-arm64"]
checksum = "sha256:613f9b2861dea937b24d5eca745ef8567733b377d0bb612195acaad0e3f61360"
url = "https://github.com/adoptium/temurin26-binaries/releases/download/jdk-26.0.1%2B8/OpenJDK26U-jdk_aarch64_linux_hotspot_26.0.1_8.tar.gz"

[tools.java."platforms.linux-arm64-musl"]
checksum = "sha256:7e32b89349385f10d7805197c7696b46556717d041e681017b12590bae6692ca"
url = "https://github.com/adoptium/temurin26-binaries/releases/download/jdk-26.0.1%2B8/OpenJDK26U-jdk_aarch64_alpine-linux_hotspot_26.0.1_8.tar.gz"

[tools.java."platforms.linux-x64"]
checksum = "sha256:8e512f13e575a43655fc92319436c94890c137b9035cc6bd6f9cf24239704d3a"
url = "https://github.com/adoptium/temurin26-binaries/releases/download/jdk-26.0.1%2B8/OpenJDK26U-jdk_x64_linux_hotspot_26.0.1_8.tar.gz"

[tools.java."platforms.linux-x64-musl"]
checksum = "sha256:0c97fe7e503fb6daf36a5e86e8d083b97cc2354cda4d11288e6c3b8ec0818afc"
url = "https://github.com/adoptium/temurin26-binaries/releases/download/jdk-26.0.1%2B8/OpenJDK26U-jdk_x64_alpine-linux_hotspot_26.0.1_8.tar.gz"

[tools.java."platforms.macos-arm64"]
checksum = "sha256:10c436258e24693ce8baf13dbffce98b77275797455e8b72510967547f13234a"
url = "https://github.com/adoptium/temurin26-binaries/releases/download/jdk-26.0.1%2B8/OpenJDK26U-jdk_aarch64_mac_hotspot_26.0.1_8.tar.gz"

[tools.java."platforms.macos-x64"]
checksum = "sha256:032df492c8749864ee8b135e3d0ea5a17ef5c847309d5fdf8f1dd55e246b8319"
url = "https://github.com/adoptium/temurin26-binaries/releases/download/jdk-26.0.1%2B8/OpenJDK26U-jdk_x64_mac_hotspot_26.0.1_8.tar.gz"

[tools.java."platforms.windows-x64"]
checksum = "sha256:81b35819085dd73a204c3219464c5f154cb111a526ec63dad793c0eefd469b3d"
url = "https://github.com/adoptium/temurin26-binaries/releases/download/jdk-26.0.1%2B8/OpenJDK26U-jdk_x64_windows_hotspot_26.0.1_8.zip"

[[tools.neovim]]
version = "0.12.3"
backend = "vfox:mise-plugins/vfox-neovim"

[tools.neovim."platforms.linux-arm64"]
url = "https://github.com/neovim/neovim/releases/download/v0.12.3/nvim-linux-arm64.tar.gz"

[tools.neovim."platforms.linux-arm64-musl"]
url = "https://github.com/neovim/neovim/releases/download/v0.12.3/nvim-linux-arm64.tar.gz"

[tools.neovim."platforms.linux-x64"]
url = "https://github.com/neovim/neovim/releases/download/v0.12.3/nvim-linux-x86_64.tar.gz"

[tools.neovim."platforms.linux-x64-musl"]
url = "https://github.com/neovim/neovim/releases/download/v0.12.3/nvim-linux-x86_64.tar.gz"

[tools.neovim."platforms.macos-arm64"]
url = "https://github.com/neovim/neovim/releases/download/v0.12.3/nvim-macos-arm64.tar.gz"

[tools.neovim."platforms.macos-x64"]
url = "https://github.com/neovim/neovim/releases/download/v0.12.3/nvim-macos-x86_64.tar.gz"

[tools.neovim."platforms.windows-x64"]
url = "https://github.com/neovim/neovim/releases/download/v0.12.3/nvim-win64.zip"

[[tools.ninja]]
version = "1.13.2"
backend = "aqua:ninja-build/ninja"

[tools.ninja."platforms.linux-arm64"]
checksum = "sha256:fd2cacc8050a7f12a16a2e48f9e06fca5c14fc4c2bee2babb67b58be17a607fc"
url = "https://github.com/ninja-build/ninja/releases/download/v1.13.2/ninja-linux-aarch64.zip"

[tools.ninja."platforms.linux-arm64-musl"]
checksum = "sha256:fd2cacc8050a7f12a16a2e48f9e06fca5c14fc4c2bee2babb67b58be17a607fc"
url = "https://github.com/ninja-build/ninja/releases/download/v1.13.2/ninja-linux-aarch64.zip"

[tools.ninja."platforms.linux-x64"]
checksum = "sha256:5749cbc4e668273514150a80e387a957f933c6ed3f5f11e03fb30955e2bbead6"
url = "https://github.com/ninja-build/ninja/releases/download/v1.13.2/ninja-linux.zip"

[tools.ninja."platforms.linux-x64-musl"]
checksum = "sha256:5749cbc4e668273514150a80e387a957f933c6ed3f5f11e03fb30955e2bbead6"
url = "https://github.com/ninja-build/ninja/releases/download/v1.13.2/ninja-linux.zip"

[tools.ninja."platforms.macos-arm64"]
checksum = "sha256:c99048673aa765960a99cf10c6ddb9f1fad506099ff0a0e137ad8960a88f321b"
url = "https://github.com/ninja-build/ninja/releases/download/v1.13.2/ninja-mac.zip"

[tools.ninja."platforms.macos-x64"]
checksum = "sha256:c99048673aa765960a99cf10c6ddb9f1fad506099ff0a0e137ad8960a88f321b"
url = "https://github.com/ninja-build/ninja/releases/download/v1.13.2/ninja-mac.zip"

[tools.ninja."platforms.windows-x64"]
checksum = "sha256:07fc8261b42b20e71d1720b39068c2e14ffcee6396b76fb7a795fb460b78dc65"
url = "https://github.com/ninja-build/ninja/releases/download/v1.13.2/ninja-win.zip"

[[tools.node]]
version = "26.3.1"
backend = "core:node"

[tools.node."platforms.linux-arm64"]
checksum = "sha256:2f0829b201e9db20996ae15bce62138df1e3d317775b005778b05cf7b19714f1"
url = "https://nodejs.org/dist/v26.3.1/node-v26.3.1-linux-arm64.tar.gz"

[tools.node."platforms.linux-arm64-musl"]
checksum = "sha256:e9d31a59e9164ad4be47e3148fc54964a9c275394f367e127eed1a0b3009c706"
url = "https://unofficial-builds.nodejs.org/download/release/v26.3.1/node-v26.3.1-linux-arm64-musl.tar.gz"

[tools.node."platforms.linux-x64"]
checksum = "sha256:e892cd615e637edebcf22f9653d80fba63167ad6754d20881fd52cc37be81441"
url = "https://nodejs.org/dist/v26.3.1/node-v26.3.1-linux-x64.tar.gz"

[tools.node."platforms.linux-x64-musl"]
checksum = "sha256:4d1a7bebcc0ee2534edc2d5f93cad34435ed4b601766d26b706c043727d4cca5"
url = "https://unofficial-builds.nodejs.org/download/release/v26.3.1/node-v26.3.1-linux-x64-musl.tar.gz"

[tools.node."platforms.macos-arm64"]
checksum = "sha256:3f624ab0d774553c0d28b968e141d8c676a35a2811fb0b7b356ba9cbdce15f74"
url = "https://nodejs.org/dist/v26.3.1/node-v26.3.1-darwin-arm64.tar.gz"

[tools.node."platforms.macos-x64"]
checksum = "sha256:3ec9e5a28c641c088f3d04ad38721bfdedb2f8aa8c031979fa93df08b5a92e58"
url = "https://nodejs.org/dist/v26.3.1/node-v26.3.1-darwin-x64.tar.gz"

[tools.node."platforms.windows-x64"]
checksum = "sha256:45001b289ebffe7b22260898f3750059183d8246042b88e8ffa4337e65e6763e"
url = "https://nodejs.org/dist/v26.3.1/node-v26.3.1-win-x64.zip"

[[tools.npm]]
version = "11.17.0"
backend = "npm:npm"

[[tools.python]]
version = "3.14.6"
backend = "core:python"

[tools.python."platforms.linux-arm64"]
checksum = "sha256:9124d5c41739d78a446f1f29c1953bf41071abcbf18e6daec201a27608648195"
url = "https://github.com/astral-sh/python-build-standalone/releases/download/20260610/cpython-3.14.6+20260610-aarch64-unknown-linux-gnu-install_only_stripped.tar.gz"
provenance = "github-attestations"

[tools.python."platforms.linux-arm64-musl"]
checksum = "sha256:5c75bea22f425ebc94912c618518a5aa4753eedeea6b5da5939f027d3a9c0fec"
url = "https://github.com/astral-sh/python-build-standalone/releases/download/20260610/cpython-3.14.6+20260610-aarch64-unknown-linux-musl-install_only_stripped.tar.gz"
provenance = "github-attestations"

[tools.python."platforms.linux-x64"]
checksum = "sha256:0881fbde2c78605720fb2e240d1a6df38652a896e40a5fce2e10908dbee5f5b7"
url = "https://github.com/astral-sh/python-build-standalone/releases/download/20260610/cpython-3.14.6+20260610-x86_64-unknown-linux-gnu-install_only_stripped.tar.gz"
provenance = "github-attestations"

[tools.python."platforms.linux-x64-musl"]
checksum = "sha256:54eca143d09ed3c596ecad5e3bfcb7724387818f8f984f44f3d8c0e9f36681d3"
url = "https://github.com/astral-sh/python-build-standalone/releases/download/20260610/cpython-3.14.6+20260610-x86_64-unknown-linux-musl-install_only_stripped.tar.gz"
provenance = "github-attestations"

[tools.python."platforms.macos-arm64"]
checksum = "sha256:875516e13be36296f8f7dd0972b22ba3bed069ed08d27d5f0069caf227522921"
url = "https://github.com/astral-sh/python-build-standalone/releases/download/20260610/cpython-3.14.6+20260610-aarch64-apple-darwin-install_only_stripped.tar.gz"
provenance = "github-attestations"

[tools.python."platforms.macos-x64"]
checksum = "sha256:6f85cbb2a0fef4b90fc63aadcfe383c22db5eb7933066ca6ea384828a6b3f2d2"
url = "https://github.com/astral-sh/python-build-standalone/releases/download/20260610/cpython-3.14.6+20260610-x86_64-apple-darwin-install_only_stripped.tar.gz"
provenance = "github-attestations"

[tools.python."platforms.windows-x64"]
checksum = "sha256:49f0c7e8d1c2eaba70c5516ca6c01b6b766f6ff473f1209a76fd01783e7c75ae"
url = "https://github.com/astral-sh/python-build-standalone/releases/download/20260610/cpython-3.14.6+20260610-x86_64-pc-windows-msvc-install_only_stripped.tar.gz"
provenance = "github-attestations"

[[tools.ripgrep]]
version = "15.1.0"
backend = "aqua:BurntSushi/ripgrep"

[tools.ripgrep."platforms.linux-arm64"]
checksum = "sha256:2b661c6ef508e902f388e9098d9c4c5aca72c87b55922d94abdba830b4dc885e"
url = "https://github.com/BurntSushi/ripgrep/releases/download/15.1.0/ripgrep-15.1.0-aarch64-unknown-linux-gnu.tar.gz"

[tools.ripgrep."platforms.linux-x64"]
checksum = "sha256:1c9297be4a084eea7ecaedf93eb03d058d6faae29bbc57ecdaf5063921491599"
url = "https://github.com/BurntSushi/ripgrep/releases/download/15.1.0/ripgrep-15.1.0-x86_64-unknown-linux-musl.tar.gz"

[tools.ripgrep."platforms.linux-x64-musl"]
checksum = "sha256:1c9297be4a084eea7ecaedf93eb03d058d6faae29bbc57ecdaf5063921491599"
url = "https://github.com/BurntSushi/ripgrep/releases/download/15.1.0/ripgrep-15.1.0-x86_64-unknown-linux-musl.tar.gz"

[tools.ripgrep."platforms.macos-arm64"]
checksum = "sha256:378e973289176ca0c6054054ee7f631a065874a352bf43f0fa60ef079b6ba715"
url = "https://github.com/BurntSushi/ripgrep/releases/download/15.1.0/ripgrep-15.1.0-aarch64-apple-darwin.tar.gz"

[tools.ripgrep."platforms.macos-x64"]
checksum = "sha256:64811cb24e77cac3057d6c40b63ac9becf9082eedd54ca411b475b755d334882"
url = "https://github.com/BurntSushi/ripgrep/releases/download/15.1.0/ripgrep-15.1.0-x86_64-apple-darwin.tar.gz"

[tools.ripgrep."platforms.windows-x64"]
checksum = "sha256:124510b94b6baa3380d051fdf4650eaa80a302c876d611e9dba0b2e18d87493a"
url = "https://github.com/BurntSushi/ripgrep/releases/download/15.1.0/ripgrep-15.1.0-x86_64-pc-windows-msvc.zip"

[[tools.ruff]]
version = "0.15.17"
backend = "aqua:astral-sh/ruff"

[tools.ruff."platforms.linux-arm64"]
checksum = "sha256:211d610dd81ef472d3b1404b28eaa19a62cb41ab9374584847307b97821a4ab8"
url = "https://github.com/astral-sh/ruff/releases/download/0.15.17/ruff-aarch64-unknown-linux-musl.tar.gz"
provenance = "github-attestations"

[tools.ruff."platforms.linux-arm64-musl"]
checksum = "sha256:211d610dd81ef472d3b1404b28eaa19a62cb41ab9374584847307b97821a4ab8"
url = "https://github.com/astral-sh/ruff/releases/download/0.15.17/ruff-aarch64-unknown-linux-musl.tar.gz"
provenance = "github-attestations"

[tools.ruff."platforms.linux-x64"]
checksum = "sha256:cbf85fc152b7fc25cb27f0233b325e9c72cb26965152050164e7608b72515189"
url = "https://github.com/astral-sh/ruff/releases/download/0.15.17/ruff-x86_64-unknown-linux-musl.tar.gz"
provenance = "github-attestations"

[tools.ruff."platforms.linux-x64-musl"]
checksum = "sha256:cbf85fc152b7fc25cb27f0233b325e9c72cb26965152050164e7608b72515189"
url = "https://github.com/astral-sh/ruff/releases/download/0.15.17/ruff-x86_64-unknown-linux-musl.tar.gz"
provenance = "github-attestations"

[tools.ruff."platforms.macos-arm64"]
checksum = "sha256:81f372886fb7a0056949356c615fa689a091cf79b0b54ed914c810cdbc6d85e9"
url = "https://github.com/astral-sh/ruff/releases/download/0.15.17/ruff-aarch64-apple-darwin.tar.gz"
provenance = "github-attestations"

[tools.ruff."platforms.macos-x64"]
checksum = "sha256:5522e517bd67ee8c2cb0d6a8298388d8edc8621a0bc5dc773f65e06c953693f6"
url = "https://github.com/astral-sh/ruff/releases/download/0.15.17/ruff-x86_64-apple-darwin.tar.gz"
provenance = "github-attestations"

[tools.ruff."platforms.windows-x64"]
checksum = "sha256:08b6cb2bd20f3d19e3cf6e768d8d8105c8337de1c52e90c7dc1deea483d68c86"
url = "https://github.com/astral-sh/ruff/releases/download/0.15.17/ruff-x86_64-pc-windows-msvc.zip"
provenance = "github-attestations"

[[tools.rust]]
version = "1.96.1"
backend = "core:rust"

[[tools.slang]]
version = "2026.10.2"
backend = "github:shader-slang/slang"

[tools.slang."platforms.linux-arm64"]
checksum = "sha256:63398460fd720f9ed24637a63ff411066eecc97b49abb94908231d6cbacec8a3"
url = "https://github.com/shader-slang/slang/releases/download/v2026.10.2/slang-2026.10.2-linux-aarch64-glibc-2.28.tar.gz"
url_api = "https://api.github.com/repos/shader-slang/slang/releases/assets/436199592"

[tools.slang."platforms.linux-arm64-musl"]
checksum = "sha256:f5a5ba509738e54667be92af6aae86db9387478182e28da88649871389486a06"
url = "https://github.com/shader-slang/slang/releases/download/v2026.10.2/slang-2026.10.2-linux-aarch64.tar.gz"
url_api = "https://api.github.com/repos/shader-slang/slang/releases/assets/436204384"

[tools.slang."platforms.linux-x64"]
checksum = "sha256:035aaeaaadd6024d64da28d665685f793d0928831bf32cb2c37cb3e58c5ac707"
url = "https://github.com/shader-slang/slang/releases/download/v2026.10.2/slang-2026.10.2-linux-x86_64-glibc-2.27.tar.gz"
url_api = "https://api.github.com/repos/shader-slang/slang/releases/assets/436202505"

[tools.slang."platforms.linux-x64-musl"]
checksum = "sha256:e1993c89fe6eb9fce148672ac2b633af1578e413c41b730be446dd8be251376b"
url = "https://github.com/shader-slang/slang/releases/download/v2026.10.2/slang-2026.10.2-linux-x86_64.tar.gz"
url_api = "https://api.github.com/repos/shader-slang/slang/releases/assets/436209355"

[tools.slang."platforms.macos-arm64"]
checksum = "sha256:a0e438467aa4a5936546bc3d1ebaa677de5174b52c7a2dd9d50bce230b15df58"
url = "https://github.com/shader-slang/slang/releases/download/v2026.10.2/slang-2026.10.2-macos-aarch64.tar.gz"
url_api = "https://api.github.com/repos/shader-slang/slang/releases/assets/436201559"

[tools.slang."platforms.macos-x64"]
checksum = "sha256:b3722f8108005aaada183915e961881c412c2f43118edb70d5c97a260a71147d"
url = "https://github.com/shader-slang/slang/releases/download/v2026.10.2/slang-2026.10.2-macos-x86_64.tar.gz"
url_api = "https://api.github.com/repos/shader-slang/slang/releases/assets/436207818"

[tools.slang."platforms.windows-x64"]
checksum = "sha256:f21fca4ba78bfb366ef3b282b4926e3efca61c2ffd72a482b024c9f8413331d0"
url = "https://github.com/shader-slang/slang/releases/download/v2026.10.2/slang-2026.10.2-windows-x86_64.zip"
url_api = "https://api.github.com/repos/shader-slang/slang/releases/assets/436210181"

[[tools.task]]
version = "3.51.1"
backend = "aqua:go-task/task"

[tools.task."platforms.linux-arm64"]
checksum = "sha256:49c58bb00eff2449a5553f3b3e694fc424e0dc04d5c669d8831126daee1000f8"
url = "https://github.com/go-task/task/releases/download/v3.51.1/task_linux_arm64.tar.gz"

[tools.task."platforms.linux-arm64-musl"]
checksum = "sha256:49c58bb00eff2449a5553f3b3e694fc424e0dc04d5c669d8831126daee1000f8"
url = "https://github.com/go-task/task/releases/download/v3.51.1/task_linux_arm64.tar.gz"

[tools.task."platforms.linux-x64"]
checksum = "sha256:da7e92f0ff961ef2aae7cfecbad8d1fd2a08d7b09ba968673adf7ff389b243b5"
url = "https://github.com/go-task/task/releases/download/v3.51.1/task_linux_amd64.tar.gz"

[tools.task."platforms.linux-x64-musl"]
checksum = "sha256:da7e92f0ff961ef2aae7cfecbad8d1fd2a08d7b09ba968673adf7ff389b243b5"
url = "https://github.com/go-task/task/releases/download/v3.51.1/task_linux_amd64.tar.gz"

[tools.task."platforms.macos-arm64"]
checksum = "sha256:a0330f0df20dd1187e323f284a7f365c0ea1f2f271c1e154811e9fc4724bed13"
url = "https://github.com/go-task/task/releases/download/v3.51.1/task_darwin_arm64.tar.gz"

[tools.task."platforms.macos-x64"]
checksum = "sha256:08b0a2107c56940e1fc7be15ebd5999f28a867925cfcd619393f8075fef67409"
url = "https://github.com/go-task/task/releases/download/v3.51.1/task_darwin_amd64.tar.gz"

[tools.task."platforms.windows-x64"]
checksum = "sha256:422d79dff5afd5a55fb46ae1cfacc7350ec96d4ef27a63a3ec77a5c30a7b0f03"
url = "https://github.com/go-task/task/releases/download/v3.51.1/task_windows_amd64.zip"

[[tools.ty]]
version = "0.0.49"
backend = "aqua:astral-sh/ty"

[tools.ty."platforms.linux-arm64"]
checksum = "sha256:49146ff92df913818b32aaed6efaf07e150cadf4a6c71b29154e0e0ebdceb78e"
url = "https://github.com/astral-sh/ty/releases/download/0.0.49/ty-aarch64-unknown-linux-musl.tar.gz"
provenance = "github-attestations"

[tools.ty."platforms.linux-arm64-musl"]
checksum = "sha256:49146ff92df913818b32aaed6efaf07e150cadf4a6c71b29154e0e0ebdceb78e"
url = "https://github.com/astral-sh/ty/releases/download/0.0.49/ty-aarch64-unknown-linux-musl.tar.gz"
provenance = "github-attestations"

[tools.ty."platforms.linux-x64"]
checksum = "sha256:c30120b0166eecb749a023ee05a3ad6a711e0186091deac31b81db05dea79e21"
url = "https://github.com/astral-sh/ty/releases/download/0.0.49/ty-x86_64-unknown-linux-musl.tar.gz"
provenance = "github-attestations"

[tools.ty."platforms.linux-x64-musl"]
checksum = "sha256:c30120b0166eecb749a023ee05a3ad6a711e0186091deac31b81db05dea79e21"
url = "https://github.com/astral-sh/ty/releases/download/0.0.49/ty-x86_64-unknown-linux-musl.tar.gz"
provenance = "github-attestations"

[tools.ty."platforms.macos-arm64"]
checksum = "sha256:37f77a5c977d158bd28997b0866e5f3d892a7bbed881881711c0ca0411dd12aa"
url = "https://github.com/astral-sh/ty/releases/download/0.0.49/ty-aarch64-apple-darwin.tar.gz"
provenance = "github-attestations"

[tools.ty."platforms.macos-x64"]
checksum = "sha256:71b96dd6517633af0e7df907a41116cfe426683faa00e753006fd9ec6354fc10"
url = "https://github.com/astral-sh/ty/releases/download/0.0.49/ty-x86_64-apple-darwin.tar.gz"
provenance = "github-attestations"

[tools.ty."platforms.windows-x64"]
checksum = "sha256:8dac8030ad5c63341a5edeec989ad8fa8bab85370e06f84c1a84bedc873c6787"
url = "https://github.com/astral-sh/ty/releases/download/0.0.49/ty-x86_64-pc-windows-msvc.zip"
provenance = "github-attestations"

[[tools.uv]]
version = "0.11.21"
backend = "aqua:astral-sh/uv"

[tools.uv."platforms.linux-arm64"]
checksum = "sha256:e71badaed2a2c3a404a0a00974b51c7ed5f5bc7be947916846005b739c68a5a2"
url = "https://github.com/astral-sh/uv/releases/download/0.11.21/uv-aarch64-unknown-linux-musl.tar.gz"
provenance = "github-attestations"

[tools.uv."platforms.linux-arm64-musl"]
checksum = "sha256:e71badaed2a2c3a404a0a00974b51c7ed5f5bc7be947916846005b739c68a5a2"
url = "https://github.com/astral-sh/uv/releases/download/0.11.21/uv-aarch64-unknown-linux-musl.tar.gz"
provenance = "github-attestations"

[tools.uv."platforms.linux-x64"]
checksum = "sha256:9dadff5b9e7b1d2d011e41852a1cbca713d9d5d88194f2eb6bd240fa4fb0a719"
url = "https://github.com/astral-sh/uv/releases/download/0.11.21/uv-x86_64-unknown-linux-musl.tar.gz"
provenance = "github-attestations"

[tools.uv."platforms.linux-x64-musl"]
checksum = "sha256:9dadff5b9e7b1d2d011e41852a1cbca713d9d5d88194f2eb6bd240fa4fb0a719"
url = "https://github.com/astral-sh/uv/releases/download/0.11.21/uv-x86_64-unknown-linux-musl.tar.gz"
provenance = "github-attestations"

[tools.uv."platforms.macos-arm64"]
checksum = "sha256:1f921d491ba5ffeea774eb04d6681ecee379101341cbb1500394993b541bf3f4"
url = "https://github.com/astral-sh/uv/releases/download/0.11.21/uv-aarch64-apple-darwin.tar.gz"
provenance = "github-attestations"

[tools.uv."platforms.macos-x64"]
checksum = "sha256:f3c8e5708a84b920c18b691214d54d2b0da6b984789caae95d47c95120cb7765"
url = "https://github.com/astral-sh/uv/releases/download/0.11.21/uv-x86_64-apple-darwin.tar.gz"
provenance = "github-attestations"

[tools.uv."platforms.windows-x64"]
checksum = "sha256:ace861f360c6de2babedc1607d0f454b6b09a820dbc8182dc15af927e4df9589"
url = "https://github.com/astral-sh/uv/releases/download/0.11.21/uv-x86_64-pc-windows-msvc.zip"
provenance = "github-attestations"

[[tools.vk_slang_editor]]
version = "0.9.1"
backend = "github:nvpro-samples/vk_slang_editor"

[tools.vk_slang_editor."platforms.linux-x64"]
checksum = "sha256:f86367cc3a3b26da6e29905845f2d2c213c05d8b8c6adbe1e118eac9278aebce"
url = "https://github.com/nvpro-samples/vk_slang_editor/releases/download/v0.9.1/vk_slang_editor-v0.9.1-x86_64-linux-gnu.zip"
url_api = "https://api.github.com/repos/nvpro-samples/vk_slang_editor/releases/assets/377302062"

[tools.vk_slang_editor."platforms.linux-x64-musl"]
checksum = "sha256:f86367cc3a3b26da6e29905845f2d2c213c05d8b8c6adbe1e118eac9278aebce"
url = "https://github.com/nvpro-samples/vk_slang_editor/releases/download/v0.9.1/vk_slang_editor-v0.9.1-x86_64-linux-gnu.zip"
url_api = "https://api.github.com/repos/nvpro-samples/vk_slang_editor/releases/assets/377302062"

[tools.vk_slang_editor."platforms.windows-x64"]
checksum = "sha256:4b8889042495ad10dd0e62e3bf435afa3e2ad3f3ddee9e395c85b772e9289df0"
url = "https://github.com/nvpro-samples/vk_slang_editor/releases/download/v0.9.1/vk_slang_editor-v0.9.1-x86_64-windows-msvc.zip"
url_api = "https://api.github.com/repos/nvpro-samples/vk_slang_editor/releases/assets/377301954"

[[tools.vscode-cli]]
version = "1.124.2"
backend = "aqua:microsoft/vscode/code"

[tools.vscode-cli."platforms.linux-arm64"]
url = "https://update.code.visualstudio.com/1.124.2/cli-linux-arm64/stable"

[tools.vscode-cli."platforms.linux-arm64-musl"]
url = "https://update.code.visualstudio.com/1.124.2/cli-linux-arm64/stable"

[tools.vscode-cli."platforms.linux-x64"]
url = "https://update.code.visualstudio.com/1.124.2/cli-linux-x64/stable"

[tools.vscode-cli."platforms.linux-x64-musl"]
url = "https://update.code.visualstudio.com/1.124.2/cli-linux-x64/stable"

[tools.vscode-cli."platforms.macos-arm64"]
url = "https://update.code.visualstudio.com/1.124.2/cli-darwin-arm64/stable"

[tools.vscode-cli."platforms.macos-x64"]
url = "https://update.code.visualstudio.com/1.124.2/cli-darwin-x64/stable"

[tools.vscode-cli."platforms.windows-x64"]
checksum = "blake3:0e2e9343ed5be5e2b91cb6fc703984c2801c0e3f4d60f54115f75b063dcb84cd"
url = "https://update.code.visualstudio.com/1.124.2/cli-win32-x64/stable"
